// !$*UTF8*$!
{
	archiveVersion = 1;
	classes = {
	};
	objectVersion = 56;
	objects = {

/* Begin PBXBuildFile section */
		1610081229C4F98100E1E215 /* ImageAnimationExtension.swift in Sources */ = {isa = PBXBuildFile; fileRef = 1610081129C4F98100E1E215 /* ImageAnimationExtension.swift */; };
		16E8A01729C3588B00B5B558 /* AppDelegate.swift in Sources */ = {isa = PBXBuildFile; fileRef = 16E8A01629C3588B00B5B558 /* AppDelegate.swift */; };
		16E8A01929C3588B00B5B558 /* SceneDelegate.swift in Sources */ = {isa = PBXBuildFile; fileRef = 16E8A01829C3588B00B5B558 /* SceneDelegate.swift */; };
		16E8A01B29C3588B00B5B558 /* MainViewController.swift in Sources */ = {isa = PBXBuildFile; fileRef = 16E8A01A29C3588B00B5B558 /* MainViewController.swift */; };
		16E8A01E29C3588B00B5B558 /* Main.storyboard in Resources */ = {isa = PBXBuildFile; fileRef = 16E8A01C29C3588B00B5B558 /* Main.storyboard */; };
		16E8A02029C3588D00B5B558 /* Assets.xcassets in Resources */ = {isa = PBXBuildFile; fileRef = 16E8A01F29C3588D00B5B558 /* Assets.xcassets */; };
		16E8A02329C3588D00B5B558 /* LaunchScreen.storyboard in Resources */ = {isa = PBXBuildFile; fileRef = 16E8A02129C3588D00B5B558 /* LaunchScreen.storyboard */; };
		16E8A03029C35B4000B5B558 /* SpringAnimation in Frameworks */ = {isa = PBXBuildFile; productRef = 16E8A02F29C35B4000B5B558 /* SpringAnimation */; };
		16E8A03229C36A3000B5B558 /* DataModel.swift in Sources */ = {isa = PBXBuildFile; fileRef = 16E8A03129C36A3000B5B558 /* DataModel.swift */; };
		16E8A03529C4C2E200B5B558 /* DataStore.swift in Sources */ = {isa = PBXBuildFile; fileRef = 16E8A03429C4C2E200B5B558 /* DataStore.swift */; };
/* End PBXBuildFile section */

/* Begin PBXFileReference section */
		1610081129C4F98100E1E215 /* ImageAnimationExtension.swift */ = {isa = PBXFileReference; lastKnownFileType = sourcecode.swift; path = ImageAnimationExtension.swift; sourceTree = "<group>"; };
		16E8A01329C3588B00B5B558 /* Button+Animation.app */ = {isa = PBXFileReference; explicitFileType = wrapper.application; includeInIndex = 0; path = "Button+Animation.app"; sourceTree = BUILT_PRODUCTS_DIR; };
		16E8A01629C3588B00B5B558 /* AppDelegate.swift */ = {isa = PBXFileReference; lastKnownFileType = sourcecode.swift; path = AppDelegate.swift; sourceTree = "<group>"; };
		16E8A01829C3588B00B5B558 /* SceneDelegate.swift */ = {isa = PBXFileReference; lastKnownFileType = sourcecode.swift; path = SceneDelegate.swift; sourceTree = "<group>"; };
		16E8A01A29C3588B00B5B558 /* MainViewController.swift */ = {isa = PBXFileReference; lastKnownFileType = sourcecode.swift; path = MainViewController.swift; sourceTree = "<group>"; };
		16E8A01D29C3588B00B5B558 /* Base */ = {isa = PBXFileReference; lastKnownFileType = file.storyboard; name = Base; path = Base.lproj/Main.storyboard; sourceTree = "<group>"; };
		16E8A01F29C3588D00B5B558 /* Assets.xcassets */ = {isa = PBXFileReference; lastKnownFileType = folder.assetcatalog; path = Assets.xcassets; sourceTree = "<group>"; };
		16E8A02229C3588D00B5B558 /* Base */ = {isa = PBXFileReference; lastKnownFileType = file.storyboard; name = Base; path = Base.lproj/LaunchScreen.storyboard; sourceTree = "<group>"; };
		16E8A02429C3588D00B5B558 /* Info.plist */ = {isa = PBXFileReference; lastKnownFileType = text.plist.xml; path = Info.plist; sourceTree = "<group>"; };
		16E8A03129C36A3000B5B558 /* DataModel.swift */ = {isa = PBXFileReference; lastKnownFileType = sourcecode.swift; path = DataModel.swift; sourceTree = "<group>"; };
		16E8A03429C4C2E200B5B558 /* DataStore.swift */ = {isa = PBXFileReference; lastKnownFileType = sourcecode.swift; path = DataStore.swift; sourceTree = "<group>"; };
/* End PBXFileReference section */

/* Begin PBXFrameworksBuildPhase section */
		16E8A01029C3588B00B5B558 /* Frameworks */ = {
			isa = PBXFrameworksBuildPhase;
			buildActionMask = 2147483647;
			files = (
				16E8A03029C35B4000B5B558 /* SpringAnimation in Frameworks */,
			);
			runOnlyForDeploymentPostprocessing = 0;
		};
/* End PBXFrameworksBuildPhase section */

/* Begin PBXGroup section */
		1610081029C4F92F00E1E215 /* Extensions */ = {
			isa = PBXGroup;
			children = (
				1610081129C4F98100E1E215 /* ImageAnimationExtension.swift */,
			);
			path = Extensions;
			sourceTree = "<group>";
		};
		16E8A00A29C3588B00B5B558 = {
			isa = PBXGroup;
			children = (
				16E8A01529C3588B00B5B558 /* Button+Animation */,
				16E8A01429C3588B00B5B558 /* Products */,
			);
			sourceTree = "<group>";
		};
		16E8A01429C3588B00B5B558 /* Products */ = {
			isa = PBXGroup;
			children = (
				16E8A01329C3588B00B5B558 /* Button+Animation.app */,
			);
			name = Products;
			sourceTree = "<group>";
		};
		16E8A01529C3588B00B5B558 /* Button+Animation */ = {
			isa = PBXGroup;
			children = (
				1610081029C4F92F00E1E215 /* Extensions */,
				16E8A03329C4C27300B5B558 /* Services */,
				16E8A02D29C358C700B5B558 /* Model */,
				16E8A02C29C358A300B5B558 /* Storyboards */,
				16E8A02B29C3589A00B5B558 /* App */,
				16E8A02A29C3589700B5B558 /* ViewControllers */,
				16E8A01F29C3588D00B5B558 /* Assets.xcassets */,
			);
			path = "Button+Animation";
			sourceTree = "<group>";
		};
		16E8A02A29C3589700B5B558 /* ViewControllers */ = {
			isa = PBXGroup;
			children = (
				16E8A01A29C3588B00B5B558 /* MainViewController.swift */,
			);
			path = ViewControllers;
			sourceTree = "<group>";
		};
		16E8A02B29C3589A00B5B558 /* App */ = {
			isa = PBXGroup;
			children = (
				16E8A01629C3588B00B5B558 /* AppDelegate.swift */,
				16E8A01829C3588B00B5B558 /* SceneDelegate.swift */,
				16E8A02429C3588D00B5B558 /* Info.plist */,
			);
			path = App;
			sourceTree = "<group>";
		};
		16E8A02C29C358A300B5B558 /* Storyboards */ = {
			isa = PBXGroup;
			children = (
				16E8A02129C3588D00B5B558 /* LaunchScreen.storyboard */,
				16E8A01C29C3588B00B5B558 /* Main.storyboard */,
			);
			path = Storyboards;
			sourceTree = "<group>";
		};
		16E8A02D29C358C700B5B558 /* Model */ = {
			isa = PBXGroup;
			children = (
				16E8A03129C36A3000B5B558 /* DataModel.swift */,
			);
			path = Model;
			sourceTree = "<group>";
		};
		16E8A03329C4C27300B5B558 /* Services */ = {
			isa = PBXGroup;
			children = (
				16E8A03429C4C2E200B5B558 /* DataStore.swift */,
			);
			path = Services;
			sourceTree = "<group>";
		};
/* End PBXGroup section */

/* Begin PBXNativeTarget section */
		16E8A01229C3588B00B5B558 /* Button+Animation */ = {
			isa = PBXNativeTarget;
			buildConfigurationList = 16E8A02729C3588D00B5B558 /* Build configuration list for PBXNativeTarget "Button+Animation" */;
			buildPhases = (
				16E8A00F29C3588B00B5B558 /* Sources */,
				16E8A01029C3588B00B5B558 /* Frameworks */,
				16E8A01129C3588B00B5B558 /* Resources */,
			);
			buildRules = (
			);
			dependencies = (
			);
			name = "Button+Animation";
			packageProductDependencies = (
				16E8A02F29C35B4000B5B558 /* SpringAnimation */,
			);
			productName = "Button+Animation";
			productReference = 16E8A01329C3588B00B5B558 /* Button+Animation.app */;
			productType = "com.apple.product-type.application";
		};
/* End PBXNativeTarget section */

/* Begin PBXProject section */
		16E8A00B29C3588B00B5B558 /* Project object */ = {
			isa = PBXProject;
			attributes = {
				BuildIndependentTargetsInParallel = 1;
				LastSwiftUpdateCheck = 1420;
				LastUpgradeCheck = 1420;
				TargetAttributes = {
					16E8A01229C3588B00B5B558 = {
						CreatedOnToolsVersion = 14.2;
					};
				};
			};
			buildConfigurationList = 16E8A00E29C3588B00B5B558 /* Build configuration list for PBXProject "Button+Animation" */;
			compatibilityVersion = "Xcode 14.0";
			developmentRegion = en;
			hasScannedForEncodings = 0;
			knownRegions = (
				en,
				Base,
			);
			mainGroup = 16E8A00A29C3588B00B5B558;
			packageReferences = (
				16E8A02E29C35B4000B5B558 /* XCRemoteSwiftPackageReference "SpringAnimation" */,
			);
			productRefGroup = 16E8A01429C3588B00B5B558 /* Products */;
			projectDirPath = "";
			projectRoot = "";
			targets = (
				16E8A01229C3588B00B5B558 /* Button+Animation */,
			);
		};
/* End PBXProject section */

/* Begin PBXResourcesBuildPhase section */
		16E8A01129C3588B00B5B558 /* Resources */ = {
			isa = PBXResourcesBuildPhase;
			buildActionMask = 2147483647;
			files = (
				16E8A02329C3588D00B5B558 /* LaunchScreen.storyboard in Resources */,
				16E8A02029C3588D00B5B558 /* Assets.xcassets in Resources */,
				16E8A01E29C3588B00B5B558 /* Main.storyboard in Resources */,
			);
			runOnlyForDeploymentPostprocessing = 0;
		};
/* End PBXResourcesBuildPhase section */

/* Begin PBXSourcesBuildPhase section */
		16E8A00F29C3588B00B5B558 /* Sources */ = {
			isa = PBXSourcesBuildPhase;
			buildActionMask = 2147483647;
			files = (
				16E8A01B29C3588B00B5B558 /* MainViewController.swift in Sources */,
				16E8A03229C36A3000B5B558 /* DataModel.swift in Sources */,
				16E8A01729C3588B00B5B558 /* AppDelegate.swift in Sources */,
				16E8A03529C4C2E200B5B558 /* DataStore.swift in Sources */,
				1610081229C4F98100E1E215 /* ImageAnimationExtension.swift in Sources */,
				16E8A01929C3588B00B5B558 /* SceneDelegate.swift in Sources */,
			);
			runOnlyForDeploymentPostprocessing = 0;
		};
/* End PBXSourcesBuildPhase section */

/* Begin PBXVariantGroup section */
		16E8A01C29C3588B00B5B558 /* Main.storyboard */ = {
			isa = PBXVariantGroup;
			children = (
				16E8A01D29C3588B00B5B558 /* Base */,
			);
			name = Main.storyboard;
			sourceTree = "<group>";
		};
		16E8A02129C3588D00B5B558 /* LaunchScreen.storyboard */ = {
			isa = PBXVariantGroup;
			children = (
				16E8A02229C3588D00B5B558 /* Base */,
			);
			name = LaunchScreen.storyboard;
			sourceTree = "<group>";
		};
/* End PBXVariantGroup section */

/* Begin XCBuildConfiguration section */
		16E8A02529C3588D00B5B558 /* Debug */ = {
			isa = XCBuildConfiguration;
			buildSettings = {
				ALWAYS_SEARCH_USER_PATHS = NO;
				CLANG_ANALYZER_NONNULL = YES;
				CLANG_ANALYZER_NUMBER_OBJECT_CONVERSION = YES_AGGRESSIVE;
				CLANG_CXX_LANGUAGE_STANDARD = "gnu++20";
				CLANG_ENABLE_MODULES = YES;
				CLANG_ENABLE_OBJC_ARC = YES;
				CLANG_ENABLE_OBJC_WEAK = YES;
				CLANG_WARN_BLOCK_CAPTURE_AUTORELEASING = YES;
				CLANG_WARN_BOOL_CONVERSION = YES;
				CLANG_WARN_COMMA = YES;
				CLANG_WARN_CONSTANT_CONVERSION = YES;
				CLANG_WARN_DEPRECATED_OBJC_IMPLEMENTATIONS = YES;
				CLANG_WARN_DIRECT_OBJC_ISA_USAGE = YES_ERROR;
				CLANG_WARN_DOCUMENTATION_COMMENTS = YES;
				CLANG_WARN_EMPTY_BODY = YES;
				CLANG_WARN_ENUM_CONVERSION = YES;
				CLANG_WARN_INFINITE_RECURSION = YES;
				CLANG_WARN_INT_CONVERSION = YES;
				CLANG_WARN_NON_LITERAL_NULL_CONVERSION = YES;
				CLANG_WARN_OBJC_IMPLICIT_RETAIN_SELF = YES;
				CLANG_WARN_OBJC_LITERAL_CONVERSION = YES;
				CLANG_WARN_OBJC_ROOT_CLASS = YES_ERROR;
				CLANG_WARN_QUOTED_INCLUDE_IN_FRAMEWORK_HEADER = YES;
				CLANG_WARN_RANGE_LOOP_ANALYSIS = YES;
				CLANG_WARN_STRICT_PROTOTYPES = YES;
				CLANG_WARN_SUSPICIOUS_MOVE = YES;
				CLANG_WARN_UNGUARDED_AVAILABILITY = YES_AGGRESSIVE;
				CLANG_WARN_UNREACHABLE_CODE = YES;
				CLANG_WARN__DUPLICATE_METHOD_MATCH = YES;
				COPY_PHASE_STRIP = NO;
				DEBUG_INFORMATION_FORMAT = dwarf;
				ENABLE_STRICT_OBJC_MSGSEND = YES;
				ENABLE_TESTABILITY = YES;
				GCC_C_LANGUAGE_STANDARD = gnu11;
				GCC_DYNAMIC_NO_PIC = NO;
				GCC_NO_COMMON_BLOCKS = YES;
				GCC_OPTIMIZATION_LEVEL = 0;
				GCC_PREPROCESSOR_DEFINITIONS = (
					"DEBUG=1",
					"$(inherited)",
				);
				GCC_WARN_64_TO_32_BIT_CONVERSION = YES;
				GCC_WARN_ABOUT_RETURN_TYPE = YES_ERROR;
				GCC_WARN_UNDECLARED_SELECTOR = YES;
				GCC_WARN_UNINITIALIZED_AUTOS = YES_AGGRESSIVE;
				GCC_WARN_UNUSED_FUNCTION = YES;
				GCC_WARN_UNUSED_VARIABLE = YES;
				IPHONEOS_DEPLOYMENT_TARGET = 16.2;
				MTL_ENABLE_DEBUG_INFO = INCLUDE_SOURCE;
				MTL_FAST_MATH = YES;
				ONLY_ACTIVE_ARCH = YES;
				SDKROOT = iphoneos;
				SWIFT_ACTIVE_COMPILATION_CONDITIONS = DEBUG;
				SWIFT_OPTIMIZATION_LEVEL = "-Onone";
			};
			name = Debug;
		};
		16E8A02629C3588D00B5B558 /* Release */ = {
			isa = XCBuildConfiguration;
			buildSettings = {
				ALWAYS_SEARCH_USER_PATHS = NO;
				CLANG_ANALYZER_NONNULL = YES;
				CLANG_ANALYZER_NUMBER_OBJECT_CONVERSION = YES_AGGRESSIVE;
				CLANG_CXX_LANGUAGE_STANDARD = "gnu++20";
				CLANG_ENABLE_MODULES = YES;
				CLANG_ENABLE_OBJC_ARC = YES;
				CLANG_ENABLE_OBJC_WEAK = YES;
				CLANG_WARN_BLOCK_CAPTURE_AUTORELEASING = YES;
				CLANG_WARN_BOOL_CONVERSION = YES;
				CLANG_WARN_COMMA = YES;
				CLANG_WARN_CONSTANT_CONVERSION = YES;
				CLANG_WARN_DEPRECATED_OBJC_IMPLEMENTATIONS = YES;
				CLANG_WARN_DIRECT_OBJC_ISA_USAGE = YES_ERROR;
				CLANG_WARN_DOCUMENTATION_COMMENTS = YES;
				CLANG_WARN_EMPTY_BODY = YES;
				CLANG_WARN_ENUM_CONVERSION = YES;
				CLANG_WARN_INFINITE_RECURSION = YES;
				CLANG_WARN_INT_CONVERSION = YES;
				CLANG_WARN_NON_LITERAL_NULL_CONVERSION = YES;
				CLANG_WARN_OBJC_IMPLICIT_RETAIN_SELF = YES;
				CLANG_WARN_OBJC_LITERAL_CONVERSION = YES;
				CLANG_WARN_OBJC_ROOT_CLASS = YES_ERROR;
				CLANG_WARN_QUOTED_INCLUDE_IN_FRAMEWORK_HEADER = YES;
				CLANG_WARN_RANGE_LOOP_ANALYSIS = YES;
				CLANG_WARN_STRICT_PROTOTYPES = YES;
				CLANG_WARN_SUSPICIOUS_MOVE = YES;
				CLANG_WARN_UNGUARDED_AVAILABILITY = YES_AGGRESSIVE;
				CLANG_WARN_UNREACHABLE_CODE = YES;
				CLANG_WARN__DUPLICATE_METHOD_MATCH = YES;
				COPY_PHASE_STRIP = NO;
				DEBUG_INFORMATION_FORMAT = "dwarf-with-dsym";
				ENABLE_NS_ASSERTIONS = NO;
				ENABLE_STRICT_OBJC_MSGSEND = YES;
				GCC_C_LANGUAGE_STANDARD = gnu11;
				GCC_NO_COMMON_BLOCKS = YES;
				GCC_WARN_64_TO_32_BIT_CONVERSION = YES;
				GCC_WARN_ABOUT_RETURN_TYPE = YES_ERROR;
				GCC_WARN_UNDECLARED_SELECTOR = YES;
				GCC_WARN_UNINITIALIZED_AUTOS = YES_AGGRESSIVE;
				GCC_WARN_UNUSED_FUNCTION = YES;
				GCC_WARN_UNUSED_VARIABLE = YES;
				IPHONEOS_DEPLOYMENT_TARGET = 16.2;
				MTL_ENABLE_DEBUG_INFO = NO;
				MTL_FAST_MATH = YES;
				SDKROOT = iphoneos;
				SWIFT_COMPILATION_MODE = wholemodule;
				SWIFT_OPTIMIZATION_LEVEL = "-O";
				VALIDATE_PRODUCT = YES;
			};
			name = Release;
		};
		16E8A02829C3588D00B5B558 /* Debug */ = {
			isa = XCBuildConfiguration;
			buildSettings = {
				ASSETCATALOG_COMPILER_APPICON_NAME = AppIcon;
				ASSETCATALOG_COMPILER_GLOBAL_ACCENT_COLOR_NAME = AccentColor;
				CODE_SIGN_STYLE = Automatic;
				CURRENT_PROJECT_VERSION = 1;
				GENERATE_INFOPLIST_FILE = YES;
				INFOPLIST_FILE = "Button+Animation/App/Info.plist";
				INFOPLIST_KEY_UIApplicationSupportsIndirectInputEvents = YES;
				INFOPLIST_KEY_UILaunchStoryboardName = LaunchScreen;
				INFOPLIST_KEY_UIMainStoryboardFile = Main;
				INFOPLIST_KEY_UISupportedInterfaceOrientations_iPad = "UIInterfaceOrientationPortrait UIInterfaceOrientationPortraitUpsideDown UIInterfaceOrientationLandscapeLeft UIInterfaceOrientationLandscapeRight";
				INFOPLIST_KEY_UISupportedInterfaceOrientations_iPhone = "UIInterfaceOrientationPortrait UIInterfaceOrientationLandscapeLeft UIInterfaceOrientationLandscapeRight";
				LD_RUNPATH_SEARCH_PATHS = (
					"$(inherited)",
					"@executable_path/Frameworks",
				);
				MARKETING_VERSION = 1.0;
				PRODUCT_BUNDLE_IDENTIFIER = "Ilya-Stratovich.Button-Animation";
				PRODUCT_NAME = "$(TARGET_NAME)";
				SUPPORTED_PLATFORMS = "iphoneos iphonesimulator";
				SUPPORTS_MACCATALYST = NO;
				SUPPORTS_MAC_DESIGNED_FOR_IPHONE_IPAD = NO;
				SWIFT_EMIT_LOC_STRINGS = YES;
				SWIFT_VERSION = 5.0;
				TARGETED_DEVICE_FAMILY = 1;
			};
			name = Debug;
		};
		16E8A02929C3588D00B5B558 /* Release */ = {
			isa = XCBuildConfiguration;
			buildSettings = {
				ASSETCATALOG_COMPILER_APPICON_NAME = AppIcon;
				ASSETCATALOG_COMPILER_GLOBAL_ACCENT_COLOR_NAME = AccentColor;
				CODE_SIGN_STYLE = Automatic;
				CURRENT_PROJECT_VERSION = 1;
				GENERATE_INFOPLIST_FILE = YES;
				INFOPLIST_FILE = "Button+Animation/App/Info.plist";
				INFOPLIST_KEY_UIApplicationSupportsIndirectInputEvents = YES;
				INFOPLIST_KEY_UILaunchStoryboardName = LaunchScreen;
				INFOPLIST_KEY_UIMainStoryboardFile = Main;
				INFOPLIST_KEY_UISupportedInterfaceOrientations_iPad = "UIInterfaceOrientationPortrait UIInterfaceOrientationPortraitUpsideDown UIInterfaceOrientationLandscapeLeft UIInterfaceOrientationLandscapeRight";
				INFOPLIST_KEY_UISupportedInterfaceOrientations_iPhone = "UIInterfaceOrientationPortrait UIInterfaceOrientationLandscapeLeft UIInterfaceOrientationLandscapeRight";
				LD_RUNPATH_SEARCH_PATHS = (
					"$(inherited)",
					"@executable_path/Frameworks",
				);
				MARKETING_VERSION = 1.0;
				PRODUCT_BUNDLE_IDENTIFIER = "Ilya-Stratovich.Button-Animation";
				PRODUCT_NAME = "$(TARGET_NAME)";
				SUPPORTED_PLATFORMS = "iphoneos iphonesimulator";
				SUPPORTS_MACCATALYST = NO;
				SUPPORTS_MAC_DESIGNED_FOR_IPHONE_IPAD = NO;
				SWIFT_EMIT_LOC_STRINGS = YES;
				SWIFT_VERSION = 5.0;
				TARGETED_DEVICE_FAMILY = 1;
			};
			name = Release;
		};
/* End XCBuildConfiguration section */

/* Begin XCConfigurationList section */
		16E8A00E29C3588B00B5B558 /* Build configuration list for PBXProject "Button+Animation" */ = {
			isa = XCConfigurationList;
			buildConfigurations = (
				16E8A02529C3588D00B5B558 /* Debug */,
				16E8A02629C3588D00B5B558 /* Release */,
			);
			defaultConfigurationIsVisible = 0;
			defaultConfigurationName = Release;
		};
		16E8A02729C3588D00B5B558 /* Build configuration list for PBXNativeTarget "Button+Animation" */ = {
			isa = XCConfigurationList;
			buildConfigurations = (
				16E8A02829C3588D00B5B558 /* Debug */,
				16E8A02929C3588D00B5B558 /* Release */,
			);
			defaultConfigurationIsVisible = 0;
			defaultConfigurationName = Release;
		};
/* End XCConfigurationList section */

/* Begin XCRemoteSwiftPackageReference section */
		16E8A02E29C35B4000B5B558 /* XCRemoteSwiftPackageReference "SpringAnimation" */ = {
			isa = XCRemoteSwiftPackageReference;
			repositoryURL = "https://github.com/LexDeBash/SpringAnimation";
			requirement = {
				kind = upToNextMinorVersion;
				minimumVersion = 0.3.0;
			};
		};
/* End XCRemoteSwiftPackageReference section */

/* Begin XCSwiftPackageProductDependency section */
		16E8A02F29C35B4000B5B558 /* SpringAnimation */ = {
			isa = XCSwiftPackageProductDependency;
			package = 16E8A02E29C35B4000B5B558 /* XCRemoteSwiftPackageReference "SpringAnimation" */;
			productName = SpringAnimation;
		};
/* End XCSwiftPackageProductDependency section */
	};
	rootObject = 16E8A00B29C3588B00B5B558 /* Project object */;
}
